
Microsoft Visual Studio Solution File, Format Version 12.00
# Visual Studio Version 16
VisualStudioVersion = 16.0.31019.35
MinimumVisualStudioVersion = 10.0.40219.1
Project("{FAE04EC0-301F-11D3-BF4B-00C04F79EFBC}") = "NguyenDuyThang_5951071100", "NguyenDuyThang_5951071100\NguyenDuyThang_5951071100.csproj", "{7A16BD09-CE7B-4265-8B6E-4F8EA27CEB3C}"
EndProject
Global
	GlobalSection(SolutionConfigurationPlatforms) = preSolution
		Debug|Any CPU = Debug|Any CPU
		Release|Any CPU = Release|Any CPU
	EndGlobalSection
	GlobalSection(ProjectConfigurationPlatforms) = postSolution
		{7A16BD09-CE7B-4265-8B6E-4F8EA27CEB3C}.Debug|Any CPU.ActiveCfg = Debug|Any CPU
		{7A16BD09-CE7B-4265-8B6E-4F8EA27CEB3C}.Debug|Any CPU.Build.0 = Debug|Any CPU
		{7A16BD09-CE7B-4265-8B6E-4F8EA27CEB3C}.Release|Any CPU.ActiveCfg = Release|Any CPU
		{7A16BD09-CE7B-4265-8B6E-4F8EA27CEB3C}.Release|Any CPU.Build.0 = Release|Any CPU
	EndGlobalSection
	GlobalSection(SolutionProperties) = preSolution
		HideSolutionNode = FALSE
	EndGlobalSection
	GlobalSection(ExtensibilityGlobals) = postSolution
		SolutionGuid = {4E407C3F-27B9-4284-8BCD-392B84ED9D09}
	EndGlobalSection
EndGlobal
